
Microsoft Visual Studio Solution File, Format Version 12.00
# Visual Studio Version 16
VisualStudioVersion = 16.0.33130.400
MinimumVisualStudioVersion = 10.0.40219.1
Project("{FAE04EC0-301F-11D3-BF4B-00C04F79EFBC}") = "WebApiCrud", "WebApiCrud.csproj", "{2F47ADA0-862B-495F-9551-97A108D4E3C2}"
EndProject
Global
	GlobalSection(SolutionConfigurationPlatforms) = preSolution
		Debug|Any CPU = Debug|Any CPU
		Release|Any CPU = Release|Any CPU
	EndGlobalSection
	GlobalSection(ProjectConfigurationPlatforms) = postSolution
		{2F47ADA0-862B-495F-9551-97A108D4E3C2}.Debug|Any CPU.ActiveCfg = Debug|Any CPU
		{2F47ADA0-862B-495F-9551-97A108D4E3C2}.Debug|Any CPU.Build.0 = Debug|Any CPU
		{2F47ADA0-862B-495F-9551-97A108D4E3C2}.Release|Any CPU.ActiveCfg = Release|Any CPU
		{2F47ADA0-862B-495F-9551-97A108D4E3C2}.Release|Any CPU.Build.0 = Release|Any CPU
	EndGlobalSection
	GlobalSection(SolutionProperties) = preSolution
		HideSolutionNode = FALSE
	EndGlobalSection
	GlobalSection(ExtensibilityGlobals) = postSolution
		SolutionGuid = {25F038A3-6C84-4F09-AEE1-BDA5EDF7F430}
	EndGlobalSection
EndGlobal
